// !$*UTF8*$!
{
	archiveVersion = 1;
	classes = {
	};
	objectVersion = 55;
	objects = {

/* Begin PBXBuildFile section */
		470A2E1B2C1492F6001E6B2E /* NukeUI in Frameworks */ = {isa = PBXBuildFile; productRef = 470A2E1A2C1492F6001E6B2E /* NukeUI */; };
		470A2E1D2C149316001E6B2E /* LazyImageView.swift in Sources */ = {isa = PBXBuildFile; fileRef = 470A2E1C2C149316001E6B2E /* LazyImageView.swift */; };
		470A2E1F2C14A318001E6B2E /* CircleButtonContentView.swift in Sources */ = {isa = PBXBuildFile; fileRef = 470A2E1E2C14A318001E6B2E /* CircleButtonContentView.swift */; };
		470A2E212C14BA05001E6B2E /* UIApplication+.swift in Sources */ = {isa = PBXBuildFile; fileRef = 470A2E202C14BA05001E6B2E /* UIApplication+.swift */; };
		472BB8E92C13012500DB00B7 /* SignUpView.swift in Sources */ = {isa = PBXBuildFile; fileRef = 472BB8E82C13012500DB00B7 /* SignUpView.swift */; };
		472BB8EB2C13095C00DB00B7 /* PrimaryButtonContentView.swift in Sources */ = {isa = PBXBuildFile; fileRef = 472BB8EA2C13095C00DB00B7 /* PrimaryButtonContentView.swift */; };
		472BB8ED2C130DEF00DB00B7 /* AuthenTextFieldView.swift in Sources */ = {isa = PBXBuildFile; fileRef = 472BB8EC2C130DEF00DB00B7 /* AuthenTextFieldView.swift */; };
		473AE7982C12B84B005B5D86 /* Color+.swift in Sources */ = {isa = PBXBuildFile; fileRef = 473AE7972C12B84B005B5D86 /* Color+.swift */; };
		473AE79E2C12BF52005B5D86 /* LaunchScreen.storyboard in Resources */ = {isa = PBXBuildFile; fileRef = 473AE79D2C12BF52005B5D86 /* LaunchScreen.storyboard */; };
		475447DF2C13F26600BC7370 /* String+.swift in Sources */ = {isa = PBXBuildFile; fileRef = 475447DE2C13F26600BC7370 /* String+.swift */; };
		475447E12C13F93900BC7370 /* SignInView.swift in Sources */ = {isa = PBXBuildFile; fileRef = 475447E02C13F93900BC7370 /* SignInView.swift */; };
		475447E32C13F9FD00BC7370 /* SocialAccountView.swift in Sources */ = {isa = PBXBuildFile; fileRef = 475447E22C13F9FD00BC7370 /* SocialAccountView.swift */; };
		475447EA2C14034100BC7370 /* UINavigationController+.swift in Sources */ = {isa = PBXBuildFile; fileRef = 475447E92C14034100BC7370 /* UINavigationController+.swift */; };
		475447EE2C14365F00BC7370 /* View+.swift in Sources */ = {isa = PBXBuildFile; fileRef = 475447ED2C14365F00BC7370 /* View+.swift */; };
		475447F02C1437FB00BC7370 /* BackButton.swift in Sources */ = {isa = PBXBuildFile; fileRef = 475447EF2C1437FB00BC7370 /* BackButton.swift */; };
		475447F22C144C1100BC7370 /* LaunchView.swift in Sources */ = {isa = PBXBuildFile; fileRef = 475447F12C144C1100BC7370 /* LaunchView.swift */; };
		476D3EA22C11B2650025B9F5 /* ChattyApp.swift in Sources */ = {isa = PBXBuildFile; fileRef = 476D3EA12C11B2650025B9F5 /* ChattyApp.swift */; };
		476D3EA72C11B3A00025B9F5 /* FirebaseAuth in Frameworks */ = {isa = PBXBuildFile; productRef = 476D3EA62C11B3A00025B9F5 /* FirebaseAuth */; };
		476D3EA92C11B3A00025B9F5 /* FirebaseFirestore in Frameworks */ = {isa = PBXBuildFile; productRef = 476D3EA82C11B3A00025B9F5 /* FirebaseFirestore */; };
		476D3EAF2C11B45D0025B9F5 /* FirebaseFirestoreSwift in Frameworks */ = {isa = PBXBuildFile; productRef = 476D3EAE2C11B45D0025B9F5 /* FirebaseFirestoreSwift */; };
		476D3EB12C11B46D0025B9F5 /* FirebaseStorage in Frameworks */ = {isa = PBXBuildFile; productRef = 476D3EB02C11B46D0025B9F5 /* FirebaseStorage */; };
		47924F192C27252000072E2F /* ChatRoomViewModel.swift in Sources */ = {isa = PBXBuildFile; fileRef = 47924F182C27252000072E2F /* ChatRoomViewModel.swift */; };
		47924F1B2C27255E00072E2F /* TextInputAreaView.swift in Sources */ = {isa = PBXBuildFile; fileRef = 47924F1A2C27255E00072E2F /* TextInputAreaView.swift */; };
		47924F1D2C27260800072E2F /* MediaAttachmentPreview.swift in Sources */ = {isa = PBXBuildFile; fileRef = 47924F1C2C27260800072E2F /* MediaAttachmentPreview.swift */; };
		47924F282C27263D00072E2F /* BubbleMediaView.swift in Sources */ = {isa = PBXBuildFile; fileRef = 47924F1F2C27263D00072E2F /* BubbleMediaView.swift */; };
		47924F292C27263D00072E2F /* MessageListController.swift in Sources */ = {isa = PBXBuildFile; fileRef = 47924F202C27263D00072E2F /* MessageListController.swift */; };
		47924F2A2C27263D00072E2F /* BubbleTextView.swift in Sources */ = {isa = PBXBuildFile; fileRef = 47924F212C27263D00072E2F /* BubbleTextView.swift */; };
		47924F2B2C27263D00072E2F /* ChannelCreationTextView.swift in Sources */ = {isa = PBXBuildFile; fileRef = 47924F222C27263D00072E2F /* ChannelCreationTextView.swift */; };
		47924F2C2C27263D00072E2F /* ChatRoomView.swift in Sources */ = {isa = PBXBuildFile; fileRef = 47924F232C27263D00072E2F /* ChatRoomView.swift */; };
		47924F2D2C27263D00072E2F /* BubbleAudioView.swift in Sources */ = {isa = PBXBuildFile; fileRef = 47924F242C27263D00072E2F /* BubbleAudioView.swift */; };
		47924F2E2C27263D00072E2F /* AdminMessageTextView.swift in Sources */ = {isa = PBXBuildFile; fileRef = 47924F252C27263D00072E2F /* AdminMessageTextView.swift */; };
		47924F2F2C27263D00072E2F /* MessageListView.swift in Sources */ = {isa = PBXBuildFile; fileRef = 47924F262C27263D00072E2F /* MessageListView.swift */; };
		47924F312C27265B00072E2F /* VoiceMessagePlayer.swift in Sources */ = {isa = PBXBuildFile; fileRef = 47924F302C27265B00072E2F /* VoiceMessagePlayer.swift */; };
		479D65F52C153DAC0073B9B1 /* MainTabView.swift in Sources */ = {isa = PBXBuildFile; fileRef = 479D65F42C153DAC0073B9B1 /* MainTabView.swift */; };
		479D65F82C153E760073B9B1 /* PeopleView.swift in Sources */ = {isa = PBXBuildFile; fileRef = 479D65F72C153E760073B9B1 /* PeopleView.swift */; };
		47A6308D2C12C50900F3982A /* OnBoardingView.swift in Sources */ = {isa = PBXBuildFile; fileRef = 47A6308C2C12C50900F3982A /* OnBoardingView.swift */; };
		47C7D44D2C1F1FE20088FB47 /* CameraManager.swift in Sources */ = {isa = PBXBuildFile; fileRef = 47C7D44C2C1F1FE20088FB47 /* CameraManager.swift */; };
		47C7D44F2C1F20A20088FB47 /* CameraViewModel.swift in Sources */ = {isa = PBXBuildFile; fileRef = 47C7D44E2C1F20A20088FB47 /* CameraViewModel.swift */; };
		47C7D4512C1F20CB0088FB47 /* CameraPreview.swift in Sources */ = {isa = PBXBuildFile; fileRef = 47C7D4502C1F20CB0088FB47 /* CameraPreview.swift */; };
		47C7D4532C1F21660088FB47 /* CameraView.swift in Sources */ = {isa = PBXBuildFile; fileRef = 47C7D4522C1F21660088FB47 /* CameraView.swift */; };
		47C7D4552C1F2CC00088FB47 /* SoundManager.swift in Sources */ = {isa = PBXBuildFile; fileRef = 47C7D4542C1F2CC00088FB47 /* SoundManager.swift */; };
		47C7D4592C1F36C80088FB47 /* PeopleViewModel.swift in Sources */ = {isa = PBXBuildFile; fileRef = 47C7D4582C1F36C80088FB47 /* PeopleViewModel.swift */; };
		47DA307E2C1E88E900E80E1F /* User.swift in Sources */ = {isa = PBXBuildFile; fileRef = 47DA307D2C1E88E900E80E1F /* User.swift */; };
		47DA30802C1E890200E80E1F /* Message.swift in Sources */ = {isa = PBXBuildFile; fileRef = 47DA307F2C1E890200E80E1F /* Message.swift */; };
		47DA30822C1E891F00E80E1F /* MessageGroup.swift in Sources */ = {isa = PBXBuildFile; fileRef = 47DA30812C1E891F00E80E1F /* MessageGroup.swift */; };
		47DA30842C1E896000E80E1F /* Date+.swift in Sources */ = {isa = PBXBuildFile; fileRef = 47DA30832C1E896000E80E1F /* Date+.swift */; };
		47DA30872C1E89A200E80E1F /* Constants.swift in Sources */ = {isa = PBXBuildFile; fileRef = 47DA30862C1E89A200E80E1F /* Constants.swift */; };
		47DA30892C1E8A2B00E80E1F /* UserService.swift in Sources */ = {isa = PBXBuildFile; fileRef = 47DA30882C1E8A2B00E80E1F /* UserService.swift */; };
		47DA308B2C1E8A9E00E80E1F /* InboxService.swift in Sources */ = {isa = PBXBuildFile; fileRef = 47DA308A2C1E8A9E00E80E1F /* InboxService.swift */; };
		47DA308D2C1E8C9300E80E1F /* ChatService.swift in Sources */ = {isa = PBXBuildFile; fileRef = 47DA308C2C1E8C9300E80E1F /* ChatService.swift */; };
		47DA308F2C1E8CB700E80E1F /* ImageService.swift in Sources */ = {isa = PBXBuildFile; fileRef = 47DA308E2C1E8CB700E80E1F /* ImageService.swift */; };
		47DA30912C1E8D6B00E80E1F /* VideoService.swift in Sources */ = {isa = PBXBuildFile; fileRef = 47DA30902C1E8D6B00E80E1F /* VideoService.swift */; };
		47DA30932C1E8DD900E80E1F /* AudioService.swift in Sources */ = {isa = PBXBuildFile; fileRef = 47DA30922C1E8DD900E80E1F /* AudioService.swift */; };
		47DA30952C1E8E4200E80E1F /* AuthService.swift in Sources */ = {isa = PBXBuildFile; fileRef = 47DA30942C1E8E4200E80E1F /* AuthService.swift */; };
		47DA309A2C1E8F0800E80E1F /* RootView.swift in Sources */ = {isa = PBXBuildFile; fileRef = 47DA30992C1E8F0800E80E1F /* RootView.swift */; };
		47DA309C2C1E8F2000E80E1F /* RootViewModel.swift in Sources */ = {isa = PBXBuildFile; fileRef = 47DA309B2C1E8F2000E80E1F /* RootViewModel.swift */; };
		47DA30A12C1E931100E80E1F /* SignUpViewModel.swift in Sources */ = {isa = PBXBuildFile; fileRef = 47DA30A02C1E931100E80E1F /* SignUpViewModel.swift */; };
		47DA30A32C1E9A6E00E80E1F /* AppDelegate.swift in Sources */ = {isa = PBXBuildFile; fileRef = 47DA30A22C1E9A6E00E80E1F /* AppDelegate.swift */; };
		47DA30A92C1E9CBC00E80E1F /* SignInViewModel.swift in Sources */ = {isa = PBXBuildFile; fileRef = 47DA30A82C1E9CBC00E80E1F /* SignInViewModel.swift */; };
		47DA30AD2C1EA0C500E80E1F /* ChatViewModel.swift in Sources */ = {isa = PBXBuildFile; fileRef = 47DA30AC2C1EA0C500E80E1F /* ChatViewModel.swift */; };
		47DA30B02C1EBFE100E80E1F /* ChatView.swift in Sources */ = {isa = PBXBuildFile; fileRef = 47DA30AF2C1EBFE100E80E1F /* ChatView.swift */; };
		47DA30B52C1EC48A00E80E1F /* NewMessageViewModel.swift in Sources */ = {isa = PBXBuildFile; fileRef = 47DA30B42C1EC48A00E80E1F /* NewMessageViewModel.swift */; };
		47DA30B72C1EC4DB00E80E1F /* NewMessage.swift in Sources */ = {isa = PBXBuildFile; fileRef = 47DA30B62C1EC4DB00E80E1F /* NewMessage.swift */; };
		47DA30BC2C1EC78600E80E1F /* InboxView.swift in Sources */ = {isa = PBXBuildFile; fileRef = 47DA30BB2C1EC78600E80E1F /* InboxView.swift */; };
		47DA30BE2C1EC79300E80E1F /* InboxViewModel.swift in Sources */ = {isa = PBXBuildFile; fileRef = 47DA30BD2C1EC79300E80E1F /* InboxViewModel.swift */; };
		47DA30C62C1ED9AC00E80E1F /* ProfileView.swift in Sources */ = {isa = PBXBuildFile; fileRef = 47DA30C12C1ED9AC00E80E1F /* ProfileView.swift */; };
		47DA30C72C1ED9AC00E80E1F /* ProfileViewModel.swift in Sources */ = {isa = PBXBuildFile; fileRef = 47DA30C32C1ED9AC00E80E1F /* ProfileViewModel.swift */; };
		47DA30C92C1EEED800E80E1F /* UIEmojiTextView.swift in Sources */ = {isa = PBXBuildFile; fileRef = 47DA30C82C1EEED800E80E1F /* UIEmojiTextView.swift */; };
		AD557CFF2C193BC40083C7B0 /* GoogleService-Info.plist in Resources */ = {isa = PBXBuildFile; fileRef = AD557CFE2C193BC40083C7B0 /* GoogleService-Info.plist */; };
		AD8048502C252169006F57F5 /* FirebaseDatabase in Frameworks */ = {isa = PBXBuildFile; productRef = AD80484F2C252169006F57F5 /* FirebaseDatabase */; };
		AD8048522C25216D006F57F5 /* FirebaseDatabaseSwift in Frameworks */ = {isa = PBXBuildFile; productRef = AD8048512C25216D006F57F5 /* FirebaseDatabaseSwift */; };
		AD8048542C252175006F57F5 /* FirebaseMessaging in Frameworks */ = {isa = PBXBuildFile; productRef = AD8048532C252175006F57F5 /* FirebaseMessaging */; };
		AD8048562C252227006F57F5 /* FirebaseConstants.swift in Sources */ = {isa = PBXBuildFile; fileRef = AD8048552C252227006F57F5 /* FirebaseConstants.swift */; };
		AD8048592C252327006F57F5 /* FirebaseHelper.swift in Sources */ = {isa = PBXBuildFile; fileRef = AD8048582C252327006F57F5 /* FirebaseHelper.swift */; };
		AD80485B2C25236F006F57F5 /* UIWindowScene+.swift in Sources */ = {isa = PBXBuildFile; fileRef = AD80485A2C25236F006F57F5 /* UIWindowScene+.swift */; };
		AD80485D2C2523B5006F57F5 /* TimeInterval+.swift in Sources */ = {isa = PBXBuildFile; fileRef = AD80485C2C2523B5006F57F5 /* TimeInterval+.swift */; };
		AD80485F2C2523DC006F57F5 /* URL+.swift in Sources */ = {isa = PBXBuildFile; fileRef = AD80485E2C2523DC006F57F5 /* URL+.swift */; };
		AD8048612C2523F0006F57F5 /* PhotosPickerItem+.swift in Sources */ = {isa = PBXBuildFile; fileRef = AD8048602C2523F0006F57F5 /* PhotosPickerItem+.swift */; };
		AD8048632C252447006F57F5 /* MediaPlayerView.swift in Sources */ = {isa = PBXBuildFile; fileRef = AD8048622C252447006F57F5 /* MediaPlayerView.swift */; };
		AD8048662C2525C1006F57F5 /* Kingfisher in Frameworks */ = {isa = PBXBuildFile; productRef = AD8048652C2525C1006F57F5 /* Kingfisher */; };
		AD8048682C252614006F57F5 /* CircularProfileImageView.swift in Sources */ = {isa = PBXBuildFile; fileRef = AD8048672C252614006F57F5 /* CircularProfileImageView.swift */; };
		AD80486A2C252788006F57F5 /* ChannelItem.swift in Sources */ = {isa = PBXBuildFile; fileRef = AD8048692C252788006F57F5 /* ChannelItem.swift */; };
		AD80486C2C2527A5006F57F5 /* UserItem.swift in Sources */ = {isa = PBXBuildFile; fileRef = AD80486B2C2527A5006F57F5 /* UserItem.swift */; };
		AD80486E2C252953006F57F5 /* MessageService.swift in Sources */ = {isa = PBXBuildFile; fileRef = AD80486D2C252953006F57F5 /* MessageService.swift */; };
		AD8048742C252A75006F57F5 /* MessageItems+Types.swift in Sources */ = {isa = PBXBuildFile; fileRef = AD8048712C252A74006F57F5 /* MessageItems+Types.swift */; };
		AD8048752C252A75006F57F5 /* MediaPickerItem+Types.swift in Sources */ = {isa = PBXBuildFile; fileRef = AD8048722C252A75006F57F5 /* MediaPickerItem+Types.swift */; };
		AD8048762C252A75006F57F5 /* MessageItem.swift in Sources */ = {isa = PBXBuildFile; fileRef = AD8048732C252A75006F57F5 /* MessageItem.swift */; };
		AD8048782C252BD6006F57F5 /* VoiceRecorderService.swift in Sources */ = {isa = PBXBuildFile; fileRef = AD8048772C252BD6006F57F5 /* VoiceRecorderService.swift */; };
		AD80487A2C252C10006F57F5 /* AuthProvider.swift in Sources */ = {isa = PBXBuildFile; fileRef = AD8048792C252C10006F57F5 /* AuthProvider.swift */; };
		AD80487C2C252E26006F57F5 /* ChannelTabView.swift in Sources */ = {isa = PBXBuildFile; fileRef = AD80487B2C252E26006F57F5 /* ChannelTabView.swift */; };
		AD80487E2C253184006F57F5 /* ChannelTabViewModel.swift in Sources */ = {isa = PBXBuildFile; fileRef = AD80487D2C253184006F57F5 /* ChannelTabViewModel.swift */; };
		AD8048802C253349006F57F5 /* ChatPartnerPickerViewModel.swift in Sources */ = {isa = PBXBuildFile; fileRef = AD80487F2C253349006F57F5 /* ChatPartnerPickerViewModel.swift */; };
		AD8048822C25351A006F57F5 /* ChannelItemView.swift in Sources */ = {isa = PBXBuildFile; fileRef = AD8048812C25351A006F57F5 /* ChannelItemView.swift */; };
		ADC976EB2C2946C100E6C225 /* BubbleMessageView.swift in Sources */ = {isa = PBXBuildFile; fileRef = ADC976EA2C2946C100E6C225 /* BubbleMessageView.swift */; };
		ADC976ED2C295A8000E6C225 /* WrapperAgrumeView.swift in Sources */ = {isa = PBXBuildFile; fileRef = ADC976EC2C295A8000E6C225 /* WrapperAgrumeView.swift */; };
		ADC976EF2C295BF000E6C225 /* ClosePreviewButton.swift in Sources */ = {isa = PBXBuildFile; fileRef = ADC976EE2C295BF000E6C225 /* ClosePreviewButton.swift */; };
		ADDA60BC2C2AAA95006F2DCA /* ChannelService.swift in Sources */ = {isa = PBXBuildFile; fileRef = ADDA60BB2C2AAA95006F2DCA /* ChannelService.swift */; };
		ADE215562C22C6BE0029416F /* Agrume in Frameworks */ = {isa = PBXBuildFile; productRef = ADE215552C22C6BE0029416F /* Agrume */; };
		ADE2AE6D2C2578E50020D629 /* NewGroupSetUpView.swift in Sources */ = {isa = PBXBuildFile; fileRef = ADE2AE6C2C2578E50020D629 /* NewGroupSetUpView.swift */; };
		ADE2AE6F2C25795F0020D629 /* SelectedChatPartnerView.swift in Sources */ = {isa = PBXBuildFile; fileRef = ADE2AE6E2C25795F0020D629 /* SelectedChatPartnerView.swift */; };
		ADE2AE712C2579FF0020D629 /* ChatPartnerRowView.swift in Sources */ = {isa = PBXBuildFile; fileRef = ADE2AE702C2579FF0020D629 /* ChatPartnerRowView.swift */; };
		ADE2AE732C257A4B0020D629 /* GroupPartnerPickerView.swift in Sources */ = {isa = PBXBuildFile; fileRef = ADE2AE722C257A4B0020D629 /* GroupPartnerPickerView.swift */; };
		ADE2AE752C257A9E0020D629 /* ChatPartnerPickerView.swift in Sources */ = {isa = PBXBuildFile; fileRef = ADE2AE742C257A9E0020D629 /* ChatPartnerPickerView.swift */; };
		C716EC8527405AF000C49CE8 /* MainMessagesView.swift in Sources */ = {isa = PBXBuildFile; fileRef = C716EC8427405AF000C49CE8 /* MainMessagesView.swift */; };
		C716EC88274310A400C49CE8 /* FirebaseManager.swift in Sources */ = {isa = PBXBuildFile; fileRef = C716EC87274310A400C49CE8 /* FirebaseManager.swift */; };
		C716EC8E27442D2800C49CE8 /* ChatUser.swift in Sources */ = {isa = PBXBuildFile; fileRef = C716EC8D27442D2800C49CE8 /* ChatUser.swift */; };
		C716EC912744A37300C49CE8 /* CreateNewMessageView.swift in Sources */ = {isa = PBXBuildFile; fileRef = C716EC902744A37300C49CE8 /* CreateNewMessageView.swift */; };
		C716EC942746F40C00C49CE8 /* ChatLogView.swift in Sources */ = {isa = PBXBuildFile; fileRef = C716EC932746F40C00C49CE8 /* ChatLogView.swift */; };
		C716EC9627485A4C00C49CE8 /* FirebaseConstantss.swift in Sources */ = {isa = PBXBuildFile; fileRef = C716EC9527485A4C00C49CE8 /* FirebaseConstantss.swift */; };
		C716EC982748762000C49CE8 /* ChatMessage.swift in Sources */ = {isa = PBXBuildFile; fileRef = C716EC972748762000C49CE8 /* ChatMessage.swift */; };
		C716EC9C274B02AA00C49CE8 /* RecentMessage.swift in Sources */ = {isa = PBXBuildFile; fileRef = C716EC9B274B02AA00C49CE8 /* RecentMessage.swift */; };
		C7EDFBFA2724DE1E0041EC95 /* Assets.xcassets in Resources */ = {isa = PBXBuildFile; fileRef = C7EDFBF92724DE1E0041EC95 /* Assets.xcassets */; };
		C7EDFBFD2724DE1E0041EC95 /* Preview Assets.xcassets in Resources */ = {isa = PBXBuildFile; fileRef = C7EDFBFC2724DE1E0041EC95 /* Preview Assets.xcassets */; };
		C7EDFC0D27277AAD0041EC95 /* ImagePicker.swift in Sources */ = {isa = PBXBuildFile; fileRef = C7EDFC0C27277AAD0041EC95 /* ImagePicker.swift */; };
/* End PBXBuildFile section */

/* Begin PBXFileReference section */
		470A2E1C2C149316001E6B2E /* LazyImageView.swift */ = {isa = PBXFileReference; lastKnownFileType = sourcecode.swift; path = LazyImageView.swift; sourceTree = "<group>"; };
		470A2E1E2C14A318001E6B2E /* CircleButtonContentView.swift */ = {isa = PBXFileReference; lastKnownFileType = sourcecode.swift; path = CircleButtonContentView.swift; sourceTree = "<group>"; };
		470A2E202C14BA05001E6B2E /* UIApplication+.swift */ = {isa = PBXFileReference; lastKnownFileType = sourcecode.swift; path = "UIApplication+.swift"; sourceTree = "<group>"; };
		472BB8E82C13012500DB00B7 /* SignUpView.swift */ = {isa = PBXFileReference; lastKnownFileType = sourcecode.swift; path = SignUpView.swift; sourceTree = "<group>"; };
		472BB8EA2C13095C00DB00B7 /* PrimaryButtonContentView.swift */ = {isa = PBXFileReference; lastKnownFileType = sourcecode.swift; path = PrimaryButtonContentView.swift; sourceTree = "<group>"; };
		472BB8EC2C130DEF00DB00B7 /* AuthenTextFieldView.swift */ = {isa = PBXFileReference; lastKnownFileType = sourcecode.swift; path = AuthenTextFieldView.swift; sourceTree = "<group>"; };
		473AE7972C12B84B005B5D86 /* Color+.swift */ = {isa = PBXFileReference; lastKnownFileType = sourcecode.swift; path = "Color+.swift"; sourceTree = "<group>"; };
		473AE79D2C12BF52005B5D86 /* LaunchScreen.storyboard */ = {isa = PBXFileReference; lastKnownFileType = file.storyboard; path = LaunchScreen.storyboard; sourceTree = "<group>"; };
		475447DE2C13F26600BC7370 /* String+.swift */ = {isa = PBXFileReference; lastKnownFileType = sourcecode.swift; path = "String+.swift"; sourceTree = "<group>"; };
		475447E02C13F93900BC7370 /* SignInView.swift */ = {isa = PBXFileReference; lastKnownFileType = sourcecode.swift; path = SignInView.swift; sourceTree = "<group>"; };
		475447E22C13F9FD00BC7370 /* SocialAccountView.swift */ = {isa = PBXFileReference; lastKnownFileType = sourcecode.swift; path = SocialAccountView.swift; sourceTree = "<group>"; };
		475447E92C14034100BC7370 /* UINavigationController+.swift */ = {isa = PBXFileReference; lastKnownFileType = sourcecode.swift; path = "UINavigationController+.swift"; sourceTree = "<group>"; };
		475447ED2C14365F00BC7370 /* View+.swift */ = {isa = PBXFileReference; lastKnownFileType = sourcecode.swift; path = "View+.swift"; sourceTree = "<group>"; };
		475447EF2C1437FB00BC7370 /* BackButton.swift */ = {isa = PBXFileReference; lastKnownFileType = sourcecode.swift; path = BackButton.swift; sourceTree = "<group>"; };
		475447F12C144C1100BC7370 /* LaunchView.swift */ = {isa = PBXFileReference; lastKnownFileType = sourcecode.swift; path = LaunchView.swift; sourceTree = "<group>"; };
		476D3EA12C11B2650025B9F5 /* ChattyApp.swift */ = {isa = PBXFileReference; fileEncoding = 4; lastKnownFileType = sourcecode.swift; path = ChattyApp.swift; sourceTree = "<group>"; };
		47924F182C27252000072E2F /* ChatRoomViewModel.swift */ = {isa = PBXFileReference; lastKnownFileType = sourcecode.swift; path = ChatRoomViewModel.swift; sourceTree = "<group>"; };
		47924F1A2C27255E00072E2F /* TextInputAreaView.swift */ = {isa = PBXFileReference; lastKnownFileType = sourcecode.swift; path = TextInputAreaView.swift; sourceTree = "<group>"; };
		47924F1C2C27260800072E2F /* MediaAttachmentPreview.swift */ = {isa = PBXFileReference; lastKnownFileType = sourcecode.swift; path = MediaAttachmentPreview.swift; sourceTree = "<group>"; };
		47924F1F2C27263D00072E2F /* BubbleMediaView.swift */ = {isa = PBXFileReference; fileEncoding = 4; lastKnownFileType = sourcecode.swift; path = BubbleMediaView.swift; sourceTree = "<group>"; };
		47924F202C27263D00072E2F /* MessageListController.swift */ = {isa = PBXFileReference; fileEncoding = 4; lastKnownFileType = sourcecode.swift; path = MessageListController.swift; sourceTree = "<group>"; };
		47924F212C27263D00072E2F /* BubbleTextView.swift */ = {isa = PBXFileReference; fileEncoding = 4; lastKnownFileType = sourcecode.swift; path = BubbleTextView.swift; sourceTree = "<group>"; };
		47924F222C27263D00072E2F /* ChannelCreationTextView.swift */ = {isa = PBXFileReference; fileEncoding = 4; lastKnownFileType = sourcecode.swift; path = ChannelCreationTextView.swift; sourceTree = "<group>"; };
		47924F232C27263D00072E2F /* ChatRoomView.swift */ = {isa = PBXFileReference; fileEncoding = 4; lastKnownFileType = sourcecode.swift; path = ChatRoomView.swift; sourceTree = "<group>"; };
		47924F242C27263D00072E2F /* BubbleAudioView.swift */ = {isa = PBXFileReference; fileEncoding = 4; lastKnownFileType = sourcecode.swift; path = BubbleAudioView.swift; sourceTree = "<group>"; };
		47924F252C27263D00072E2F /* AdminMessageTextView.swift */ = {isa = PBXFileReference; fileEncoding = 4; lastKnownFileType = sourcecode.swift; path = AdminMessageTextView.swift; sourceTree = "<group>"; };
		47924F262C27263D00072E2F /* MessageListView.swift */ = {isa = PBXFileReference; fileEncoding = 4; lastKnownFileType = sourcecode.swift; path = MessageListView.swift; sourceTree = "<group>"; };
		47924F302C27265B00072E2F /* VoiceMessagePlayer.swift */ = {isa = PBXFileReference; fileEncoding = 4; lastKnownFileType = sourcecode.swift; path = VoiceMessagePlayer.swift; sourceTree = "<group>"; };
		479D65F42C153DAC0073B9B1 /* MainTabView.swift */ = {isa = PBXFileReference; lastKnownFileType = sourcecode.swift; path = MainTabView.swift; sourceTree = "<group>"; };
		479D65F72C153E760073B9B1 /* PeopleView.swift */ = {isa = PBXFileReference; lastKnownFileType = sourcecode.swift; path = PeopleView.swift; sourceTree = "<group>"; };
		47A6308C2C12C50900F3982A /* OnBoardingView.swift */ = {isa = PBXFileReference; lastKnownFileType = sourcecode.swift; path = OnBoardingView.swift; sourceTree = "<group>"; };
		47C7D44C2C1F1FE20088FB47 /* CameraManager.swift */ = {isa = PBXFileReference; lastKnownFileType = sourcecode.swift; path = CameraManager.swift; sourceTree = "<group>"; };
		47C7D44E2C1F20A20088FB47 /* CameraViewModel.swift */ = {isa = PBXFileReference; lastKnownFileType = sourcecode.swift; path = CameraViewModel.swift; sourceTree = "<group>"; };
		47C7D4502C1F20CB0088FB47 /* CameraPreview.swift */ = {isa = PBXFileReference; lastKnownFileType = sourcecode.swift; path = CameraPreview.swift; sourceTree = "<group>"; };
		47C7D4522C1F21660088FB47 /* CameraView.swift */ = {isa = PBXFileReference; lastKnownFileType = sourcecode.swift; path = CameraView.swift; sourceTree = "<group>"; };
		47C7D4542C1F2CC00088FB47 /* SoundManager.swift */ = {isa = PBXFileReference; lastKnownFileType = sourcecode.swift; path = SoundManager.swift; sourceTree = "<group>"; };
		47C7D4582C1F36C80088FB47 /* PeopleViewModel.swift */ = {isa = PBXFileReference; lastKnownFileType = sourcecode.swift; path = PeopleViewModel.swift; sourceTree = "<group>"; };
		47DA307D2C1E88E900E80E1F /* User.swift */ = {isa = PBXFileReference; lastKnownFileType = sourcecode.swift; path = User.swift; sourceTree = "<group>"; };
		47DA307F2C1E890200E80E1F /* Message.swift */ = {isa = PBXFileReference; lastKnownFileType = sourcecode.swift; path = Message.swift; sourceTree = "<group>"; };
		47DA30812C1E891F00E80E1F /* MessageGroup.swift */ = {isa = PBXFileReference; lastKnownFileType = sourcecode.swift; path = MessageGroup.swift; sourceTree = "<group>"; };
		47DA30832C1E896000E80E1F /* Date+.swift */ = {isa = PBXFileReference; lastKnownFileType = sourcecode.swift; path = "Date+.swift"; sourceTree = "<group>"; };
		47DA30862C1E89A200E80E1F /* Constants.swift */ = {isa = PBXFileReference; lastKnownFileType = sourcecode.swift; path = Constants.swift; sourceTree = "<group>"; };
		47DA30882C1E8A2B00E80E1F /* UserService.swift */ = {isa = PBXFileReference; lastKnownFileType = sourcecode.swift; path = UserService.swift; sourceTree = "<group>"; };
		47DA308A2C1E8A9E00E80E1F /* InboxService.swift */ = {isa = PBXFileReference; lastKnownFileType = sourcecode.swift; path = InboxService.swift; sourceTree = "<group>"; };
		47DA308C2C1E8C9300E80E1F /* ChatService.swift */ = {isa = PBXFileReference; lastKnownFileType = sourcecode.swift; path = ChatService.swift; sourceTree = "<group>"; };
		47DA308E2C1E8CB700E80E1F /* ImageService.swift */ = {isa = PBXFileReference; lastKnownFileType = sourcecode.swift; path = ImageService.swift; sourceTree = "<group>"; };
		47DA30902C1E8D6B00E80E1F /* VideoService.swift */ = {isa = PBXFileReference; lastKnownFileType = sourcecode.swift; path = VideoService.swift; sourceTree = "<group>"; };
		47DA30922C1E8DD900E80E1F /* AudioService.swift */ = {isa = PBXFileReference; lastKnownFileType = sourcecode.swift; path = AudioService.swift; sourceTree = "<group>"; };
		47DA30942C1E8E4200E80E1F /* AuthService.swift */ = {isa = PBXFileReference; lastKnownFileType = sourcecode.swift; path = AuthService.swift; sourceTree = "<group>"; };
		47DA30992C1E8F0800E80E1F /* RootView.swift */ = {isa = PBXFileReference; lastKnownFileType = sourcecode.swift; path = RootView.swift; sourceTree = "<group>"; };
		47DA309B2C1E8F2000E80E1F /* RootViewModel.swift */ = {isa = PBXFileReference; lastKnownFileType = sourcecode.swift; path = RootViewModel.swift; sourceTree = "<group>"; };
		47DA30A02C1E931100E80E1F /* SignUpViewModel.swift */ = {isa = PBXFileReference; lastKnownFileType = sourcecode.swift; path = SignUpViewModel.swift; sourceTree = "<group>"; };
		47DA30A22C1E9A6E00E80E1F /* AppDelegate.swift */ = {isa = PBXFileReference; lastKnownFileType = sourcecode.swift; path = AppDelegate.swift; sourceTree = "<group>"; };
		47DA30A52C1E9AA000E80E1F /* Info.plist */ = {isa = PBXFileReference; lastKnownFileType = text.plist; path = Info.plist; sourceTree = "<group>"; };
		47DA30A82C1E9CBC00E80E1F /* SignInViewModel.swift */ = {isa = PBXFileReference; lastKnownFileType = sourcecode.swift; path = SignInViewModel.swift; sourceTree = "<group>"; };
		47DA30AC2C1EA0C500E80E1F /* ChatViewModel.swift */ = {isa = PBXFileReference; lastKnownFileType = sourcecode.swift; path = ChatViewModel.swift; sourceTree = "<group>"; };
		47DA30AF2C1EBFE100E80E1F /* ChatView.swift */ = {isa = PBXFileReference; lastKnownFileType = sourcecode.swift; path = ChatView.swift; sourceTree = "<group>"; };
		47DA30B42C1EC48A00E80E1F /* NewMessageViewModel.swift */ = {isa = PBXFileReference; lastKnownFileType = sourcecode.swift; path = NewMessageViewModel.swift; sourceTree = "<group>"; };
		47DA30B62C1EC4DB00E80E1F /* NewMessage.swift */ = {isa = PBXFileReference; lastKnownFileType = sourcecode.swift; path = NewMessage.swift; sourceTree = "<group>"; };
		47DA30BB2C1EC78600E80E1F /* InboxView.swift */ = {isa = PBXFileReference; lastKnownFileType = sourcecode.swift; path = InboxView.swift; sourceTree = "<group>"; };
		47DA30BD2C1EC79300E80E1F /* InboxViewModel.swift */ = {isa = PBXFileReference; lastKnownFileType = sourcecode.swift; path = InboxViewModel.swift; sourceTree = "<group>"; };
		47DA30C12C1ED9AC00E80E1F /* ProfileView.swift */ = {isa = PBXFileReference; fileEncoding = 4; lastKnownFileType = sourcecode.swift; path = ProfileView.swift; sourceTree = "<group>"; };
		47DA30C32C1ED9AC00E80E1F /* ProfileViewModel.swift */ = {isa = PBXFileReference; fileEncoding = 4; lastKnownFileType = sourcecode.swift; path = ProfileViewModel.swift; sourceTree = "<group>"; };
		47DA30C82C1EEED800E80E1F /* UIEmojiTextView.swift */ = {isa = PBXFileReference; lastKnownFileType = sourcecode.swift; path = UIEmojiTextView.swift; sourceTree = "<group>"; };
		AD557CFE2C193BC40083C7B0 /* GoogleService-Info.plist */ = {isa = PBXFileReference; fileEncoding = 4; lastKnownFileType = text.plist.xml; path = "GoogleService-Info.plist"; sourceTree = "<group>"; };
		AD8048552C252227006F57F5 /* FirebaseConstants.swift */ = {isa = PBXFileReference; lastKnownFileType = sourcecode.swift; path = FirebaseConstants.swift; sourceTree = "<group>"; };
		AD8048582C252327006F57F5 /* FirebaseHelper.swift */ = {isa = PBXFileReference; lastKnownFileType = sourcecode.swift; path = FirebaseHelper.swift; sourceTree = "<group>"; };
		AD80485A2C25236F006F57F5 /* UIWindowScene+.swift */ = {isa = PBXFileReference; lastKnownFileType = sourcecode.swift; path = "UIWindowScene+.swift"; sourceTree = "<group>"; };
		AD80485C2C2523B5006F57F5 /* TimeInterval+.swift */ = {isa = PBXFileReference; lastKnownFileType = sourcecode.swift; path = "TimeInterval+.swift"; sourceTree = "<group>"; };
		AD80485E2C2523DC006F57F5 /* URL+.swift */ = {isa = PBXFileReference; lastKnownFileType = sourcecode.swift; path = "URL+.swift"; sourceTree = "<group>"; };
		AD8048602C2523F0006F57F5 /* PhotosPickerItem+.swift */ = {isa = PBXFileReference; lastKnownFileType = sourcecode.swift; path = "PhotosPickerItem+.swift"; sourceTree = "<group>"; };
		AD8048622C252447006F57F5 /* MediaPlayerView.swift */ = {isa = PBXFileReference; lastKnownFileType = sourcecode.swift; path = MediaPlayerView.swift; sourceTree = "<group>"; };
		AD8048672C252614006F57F5 /* CircularProfileImageView.swift */ = {isa = PBXFileReference; lastKnownFileType = sourcecode.swift; path = CircularProfileImageView.swift; sourceTree = "<group>"; };
		AD8048692C252788006F57F5 /* ChannelItem.swift */ = {isa = PBXFileReference; lastKnownFileType = sourcecode.swift; path = ChannelItem.swift; sourceTree = "<group>"; };
		AD80486B2C2527A5006F57F5 /* UserItem.swift */ = {isa = PBXFileReference; lastKnownFileType = sourcecode.swift; path = UserItem.swift; sourceTree = "<group>"; };
		AD80486D2C252953006F57F5 /* MessageService.swift */ = {isa = PBXFileReference; lastKnownFileType = sourcecode.swift; path = MessageService.swift; sourceTree = "<group>"; };
		AD8048712C252A74006F57F5 /* MessageItems+Types.swift */ = {isa = PBXFileReference; fileEncoding = 4; lastKnownFileType = sourcecode.swift; path = "MessageItems+Types.swift"; sourceTree = "<group>"; };
		AD8048722C252A75006F57F5 /* MediaPickerItem+Types.swift */ = {isa = PBXFileReference; fileEncoding = 4; lastKnownFileType = sourcecode.swift; path = "MediaPickerItem+Types.swift"; sourceTree = "<group>"; };
		AD8048732C252A75006F57F5 /* MessageItem.swift */ = {isa = PBXFileReference; fileEncoding = 4; lastKnownFileType = sourcecode.swift; path = MessageItem.swift; sourceTree = "<group>"; };
		AD8048772C252BD6006F57F5 /* VoiceRecorderService.swift */ = {isa = PBXFileReference; lastKnownFileType = sourcecode.swift; path = VoiceRecorderService.swift; sourceTree = "<group>"; };
		AD8048792C252C10006F57F5 /* AuthProvider.swift */ = {isa = PBXFileReference; lastKnownFileType = sourcecode.swift; path = AuthProvider.swift; sourceTree = "<group>"; };
		AD80487B2C252E26006F57F5 /* ChannelTabView.swift */ = {isa = PBXFileReference; lastKnownFileType = sourcecode.swift; path = ChannelTabView.swift; sourceTree = "<group>"; };
		AD80487D2C253184006F57F5 /* ChannelTabViewModel.swift */ = {isa = PBXFileReference; lastKnownFileType = sourcecode.swift; path = ChannelTabViewModel.swift; sourceTree = "<group>"; };
		AD80487F2C253349006F57F5 /* ChatPartnerPickerViewModel.swift */ = {isa = PBXFileReference; lastKnownFileType = sourcecode.swift; path = ChatPartnerPickerViewModel.swift; sourceTree = "<group>"; };
		AD8048812C25351A006F57F5 /* ChannelItemView.swift */ = {isa = PBXFileReference; lastKnownFileType = sourcecode.swift; path = ChannelItemView.swift; sourceTree = "<group>"; };
		ADC976EA2C2946C100E6C225 /* BubbleMessageView.swift */ = {isa = PBXFileReference; lastKnownFileType = sourcecode.swift; path = BubbleMessageView.swift; sourceTree = "<group>"; };
		ADC976EC2C295A8000E6C225 /* WrapperAgrumeView.swift */ = {isa = PBXFileReference; lastKnownFileType = sourcecode.swift; path = WrapperAgrumeView.swift; sourceTree = "<group>"; };
		ADC976EE2C295BF000E6C225 /* ClosePreviewButton.swift */ = {isa = PBXFileReference; lastKnownFileType = sourcecode.swift; path = ClosePreviewButton.swift; sourceTree = "<group>"; };
		ADDA60BB2C2AAA95006F2DCA /* ChannelService.swift */ = {isa = PBXFileReference; lastKnownFileType = sourcecode.swift; path = ChannelService.swift; sourceTree = "<group>"; };
		ADE2AE6C2C2578E50020D629 /* NewGroupSetUpView.swift */ = {isa = PBXFileReference; lastKnownFileType = sourcecode.swift; path = NewGroupSetUpView.swift; sourceTree = "<group>"; };
		ADE2AE6E2C25795F0020D629 /* SelectedChatPartnerView.swift */ = {isa = PBXFileReference; lastKnownFileType = sourcecode.swift; path = SelectedChatPartnerView.swift; sourceTree = "<group>"; };
		ADE2AE702C2579FF0020D629 /* ChatPartnerRowView.swift */ = {isa = PBXFileReference; lastKnownFileType = sourcecode.swift; path = ChatPartnerRowView.swift; sourceTree = "<group>"; };
		ADE2AE722C257A4B0020D629 /* GroupPartnerPickerView.swift */ = {isa = PBXFileReference; lastKnownFileType = sourcecode.swift; path = GroupPartnerPickerView.swift; sourceTree = "<group>"; };
		ADE2AE742C257A9E0020D629 /* ChatPartnerPickerView.swift */ = {isa = PBXFileReference; lastKnownFileType = sourcecode.swift; path = ChatPartnerPickerView.swift; sourceTree = "<group>"; };
		C716EC8427405AF000C49CE8 /* MainMessagesView.swift */ = {isa = PBXFileReference; lastKnownFileType = sourcecode.swift; path = MainMessagesView.swift; sourceTree = "<group>"; };
		C716EC87274310A400C49CE8 /* FirebaseManager.swift */ = {isa = PBXFileReference; lastKnownFileType = sourcecode.swift; path = FirebaseManager.swift; sourceTree = "<group>"; };
		C716EC8D27442D2800C49CE8 /* ChatUser.swift */ = {isa = PBXFileReference; lastKnownFileType = sourcecode.swift; path = ChatUser.swift; sourceTree = "<group>"; };
		C716EC902744A37300C49CE8 /* CreateNewMessageView.swift */ = {isa = PBXFileReference; lastKnownFileType = sourcecode.swift; path = CreateNewMessageView.swift; sourceTree = "<group>"; };
		C716EC932746F40C00C49CE8 /* ChatLogView.swift */ = {isa = PBXFileReference; lastKnownFileType = sourcecode.swift; path = ChatLogView.swift; sourceTree = "<group>"; };
		C716EC9527485A4C00C49CE8 /* FirebaseConstantss.swift */ = {isa = PBXFileReference; lastKnownFileType = sourcecode.swift; path = FirebaseConstantss.swift; sourceTree = "<group>"; };
		C716EC972748762000C49CE8 /* ChatMessage.swift */ = {isa = PBXFileReference; lastKnownFileType = sourcecode.swift; path = ChatMessage.swift; sourceTree = "<group>"; };
		C716EC9B274B02AA00C49CE8 /* RecentMessage.swift */ = {isa = PBXFileReference; lastKnownFileType = sourcecode.swift; path = RecentMessage.swift; sourceTree = "<group>"; };
		C7EDFBF22724DE1B0041EC95 /* Chatty.app */ = {isa = PBXFileReference; explicitFileType = wrapper.application; includeInIndex = 0; path = Chatty.app; sourceTree = BUILT_PRODUCTS_DIR; };
		C7EDFBF92724DE1E0041EC95 /* Assets.xcassets */ = {isa = PBXFileReference; lastKnownFileType = folder.assetcatalog; path = Assets.xcassets; sourceTree = "<group>"; };
		C7EDFBFC2724DE1E0041EC95 /* Preview Assets.xcassets */ = {isa = PBXFileReference; lastKnownFileType = folder.assetcatalog; path = "Preview Assets.xcassets"; sourceTree = "<group>"; };
		C7EDFC0C27277AAD0041EC95 /* ImagePicker.swift */ = {isa = PBXFileReference; fileEncoding = 4; lastKnownFileType = sourcecode.swift; path = ImagePicker.swift; sourceTree = "<group>"; };
/* End PBXFileReference section */

/* Begin PBXFrameworksBuildPhase section */
		C7EDFBEF2724DE1B0041EC95 /* Frameworks */ = {
			isa = PBXFrameworksBuildPhase;
			buildActionMask = 2147483647;
			files = (
				AD8048542C252175006F57F5 /* FirebaseMessaging in Frameworks */,
				AD8048522C25216D006F57F5 /* FirebaseDatabaseSwift in Frameworks */,
				470A2E1B2C1492F6001E6B2E /* NukeUI in Frameworks */,
				476D3EA72C11B3A00025B9F5 /* FirebaseAuth in Frameworks */,
				AD8048662C2525C1006F57F5 /* Kingfisher in Frameworks */,
				476D3EA92C11B3A00025B9F5 /* FirebaseFirestore in Frameworks */,
				476D3EB12C11B46D0025B9F5 /* FirebaseStorage in Frameworks */,
				476D3EAF2C11B45D0025B9F5 /* FirebaseFirestoreSwift in Frameworks */,
				AD8048502C252169006F57F5 /* FirebaseDatabase in Frameworks */,
				ADE215562C22C6BE0029416F /* Agrume in Frameworks */,
			);
			runOnlyForDeploymentPostprocessing = 0;
		};
/* End PBXFrameworksBuildPhase section */

/* Begin PBXGroup section */
		472BB8E72C13011600DB00B7 /* SignUp */ = {
			isa = PBXGroup;
			children = (
				47DA30A62C1E9C7800E80E1F /* View */,
				47DA309D2C1E914900E80E1F /* ViewModel */,
			);
			path = SignUp;
			sourceTree = "<group>";
		};
		473AE78C2C12AD31005B5D86 /* Presentation */ = {
			isa = PBXGroup;
			children = (
				473AE78E2C12ADCC005B5D86 /* Scenes */,
				473AE78D2C12ADC3005B5D86 /* Common */,
			);
			path = Presentation;
			sourceTree = "<group>";
		};
		473AE78D2C12ADC3005B5D86 /* Common */ = {
			isa = PBXGroup;
			children = (
				C7EDFC0C27277AAD0041EC95 /* ImagePicker.swift */,
				472BB8EA2C13095C00DB00B7 /* PrimaryButtonContentView.swift */,
				472BB8EC2C130DEF00DB00B7 /* AuthenTextFieldView.swift */,
				475447E22C13F9FD00BC7370 /* SocialAccountView.swift */,
				475447EF2C1437FB00BC7370 /* BackButton.swift */,
				470A2E1C2C149316001E6B2E /* LazyImageView.swift */,
				470A2E1E2C14A318001E6B2E /* CircleButtonContentView.swift */,
				47DA30C82C1EEED800E80E1F /* UIEmojiTextView.swift */,
				AD8048622C252447006F57F5 /* MediaPlayerView.swift */,
				AD8048672C252614006F57F5 /* CircularProfileImageView.swift */,
				ADC976EC2C295A8000E6C225 /* WrapperAgrumeView.swift */,
				ADC976EE2C295BF000E6C225 /* ClosePreviewButton.swift */,
			);
			path = Common;
			sourceTree = "<group>";
		};
		473AE78E2C12ADCC005B5D86 /* Scenes */ = {
			isa = PBXGroup;
			children = (
				47C7D4492C1F1FC80088FB47 /* Camera */,
				47DA30962C1E8EE500E80E1F /* Root */,
				479D65F62C153E6A0073B9B1 /* People */,
				479D65F32C153DA00073B9B1 /* TabBar */,
				472BB8E72C13011600DB00B7 /* SignUp */,
				47A6308B2C12C4FB00F3982A /* OnBoarding */,
				473AE7932C12AFF0005B5D86 /* Launch */,
				473AE7962C12B3E8005B5D86 /* SignIn */,
				47DA30C52C1ED9AC00E80E1F /* Profile */,
				47DA30B12C1EC46A00E80E1F /* NewMessage */,
				47DA30B82C1EC76D00E80E1F /* Inbox */,
				47924F152C2724E600072E2F /* Chat */,
				47924F122C270C3700072E2F /* Channel */,
				C716EC8327405AE500C49CE8 /* MainMessages */,
			);
			path = Scenes;
			sourceTree = "<group>";
		};
		473AE78F2C12AE18005B5D86 /* Domain */ = {
			isa = PBXGroup;
			children = (
				473AE7902C12AE26005B5D86 /* Entities */,
			);
			path = Domain;
			sourceTree = "<group>";
		};
		473AE7902C12AE26005B5D86 /* Entities */ = {
			isa = PBXGroup;
			children = (
				C716EC8D27442D2800C49CE8 /* ChatUser.swift */,
				C716EC972748762000C49CE8 /* ChatMessage.swift */,
				C716EC9B274B02AA00C49CE8 /* RecentMessage.swift */,
				47DA307D2C1E88E900E80E1F /* User.swift */,
				47DA30812C1E891F00E80E1F /* MessageGroup.swift */,
				47DA307F2C1E890200E80E1F /* Message.swift */,
			);
			path = Entities;
			sourceTree = "<group>";
		};
		473AE7912C12AEA6005B5D86 /* Data */ = {
			isa = PBXGroup;
			children = (
				47DA30882C1E8A2B00E80E1F /* UserService.swift */,
				47DA308A2C1E8A9E00E80E1F /* InboxService.swift */,
				47DA308C2C1E8C9300E80E1F /* ChatService.swift */,
				47DA308E2C1E8CB700E80E1F /* ImageService.swift */,
				47DA30902C1E8D6B00E80E1F /* VideoService.swift */,
				47DA30922C1E8DD900E80E1F /* AudioService.swift */,
				47DA30942C1E8E4200E80E1F /* AuthService.swift */,
				473AE7922C12AEC4005B5D86 /* Firebase */,
			);
			path = Data;
			sourceTree = "<group>";
		};
		473AE7922C12AEC4005B5D86 /* Firebase */ = {
			isa = PBXGroup;
			children = (
				C716EC87274310A400C49CE8 /* FirebaseManager.swift */,
				C716EC9527485A4C00C49CE8 /* FirebaseConstantss.swift */,
			);
			path = Firebase;
			sourceTree = "<group>";
		};
		473AE7932C12AFF0005B5D86 /* Launch */ = {
			isa = PBXGroup;
			children = (
				473AE79D2C12BF52005B5D86 /* LaunchScreen.storyboard */,
				475447F12C144C1100BC7370 /* LaunchView.swift */,
			);
			path = Launch;
			sourceTree = "<group>";
		};
		473AE7962C12B3E8005B5D86 /* SignIn */ = {
			isa = PBXGroup;
			children = (
				47DA30AA2C1E9F4E00E80E1F /* View */,
				47DA30A72C1E9CB000E80E1F /* ViewModel */,
			);
			path = SignIn;
			sourceTree = "<group>";
		};
		476D3EAD2C11B4460025B9F5 /* Frameworks */ = {
			isa = PBXGroup;
			children = (
			);
			name = Frameworks;
			sourceTree = "<group>";
		};
		47924F122C270C3700072E2F /* Channel */ = {
			isa = PBXGroup;
			children = (
				47924F142C270C4600072E2F /* ViewModel */,
				47924F132C270C4100072E2F /* View */,
			);
			path = Channel;
			sourceTree = "<group>";
		};
		47924F132C270C4100072E2F /* View */ = {
			isa = PBXGroup;
			children = (
				AD80487B2C252E26006F57F5 /* ChannelTabView.swift */,
				AD8048812C25351A006F57F5 /* ChannelItemView.swift */,
				ADE2AE742C257A9E0020D629 /* ChatPartnerPickerView.swift */,
				ADE2AE722C257A4B0020D629 /* GroupPartnerPickerView.swift */,
				ADE2AE6E2C25795F0020D629 /* SelectedChatPartnerView.swift */,
				ADE2AE702C2579FF0020D629 /* ChatPartnerRowView.swift */,
				ADE2AE6C2C2578E50020D629 /* NewGroupSetUpView.swift */,
			);
			path = View;
			sourceTree = "<group>";
		};
		47924F142C270C4600072E2F /* ViewModel */ = {
			isa = PBXGroup;
			children = (
				AD80487D2C253184006F57F5 /* ChannelTabViewModel.swift */,
				AD80487F2C253349006F57F5 /* ChatPartnerPickerViewModel.swift */,
			);
			path = ViewModel;
			sourceTree = "<group>";
		};
		47924F152C2724E600072E2F /* Chat */ = {
			isa = PBXGroup;
			children = (
				47924F172C27250500072E2F /* View */,
				47924F162C2724FD00072E2F /* ViewModel */,
			);
			path = Chat;
			sourceTree = "<group>";
		};
		47924F162C2724FD00072E2F /* ViewModel */ = {
			isa = PBXGroup;
			children = (
				47924F182C27252000072E2F /* ChatRoomViewModel.swift */,
				47924F302C27265B00072E2F /* VoiceMessagePlayer.swift */,
			);
			path = ViewModel;
			sourceTree = "<group>";
		};
		47924F172C27250500072E2F /* View */ = {
			isa = PBXGroup;
			children = (
				47924F232C27263D00072E2F /* ChatRoomView.swift */,
				47924F202C27263D00072E2F /* MessageListController.swift */,
				47924F252C27263D00072E2F /* AdminMessageTextView.swift */,
				ADC976EA2C2946C100E6C225 /* BubbleMessageView.swift */,
				47924F242C27263D00072E2F /* BubbleAudioView.swift */,
				47924F1F2C27263D00072E2F /* BubbleMediaView.swift */,
				47924F212C27263D00072E2F /* BubbleTextView.swift */,
				47924F222C27263D00072E2F /* ChannelCreationTextView.swift */,
				47924F262C27263D00072E2F /* MessageListView.swift */,
				47924F1A2C27255E00072E2F /* TextInputAreaView.swift */,
				47924F1C2C27260800072E2F /* MediaAttachmentPreview.swift */,
			);
			path = View;
			sourceTree = "<group>";
		};
		479D65F32C153DA00073B9B1 /* TabBar */ = {
			isa = PBXGroup;
			children = (
				47C7D45A2C1F3B8D0088FB47 /* View */,
			);
			path = TabBar;
			sourceTree = "<group>";
		};
		479D65F62C153E6A0073B9B1 /* People */ = {
			isa = PBXGroup;
			children = (
				47C7D4572C1F36B00088FB47 /* PeopleViewModel */,
				47C7D4562C1F36AA0088FB47 /* View */,
			);
			path = People;
			sourceTree = "<group>";
		};
		47A6308B2C12C4FB00F3982A /* OnBoarding */ = {
			isa = PBXGroup;
			children = (
				47A6308C2C12C50900F3982A /* OnBoardingView.swift */,
			);
			path = OnBoarding;
			sourceTree = "<group>";
		};
		47C7D4492C1F1FC80088FB47 /* Camera */ = {
			isa = PBXGroup;
			children = (
				47C7D44B2C1F1FD90088FB47 /* View */,
				47C7D44A2C1F1FD30088FB47 /* ViewModel */,
			);
			path = Camera;
			sourceTree = "<group>";
		};
		47C7D44A2C1F1FD30088FB47 /* ViewModel */ = {
			isa = PBXGroup;
			children = (
				47C7D44C2C1F1FE20088FB47 /* CameraManager.swift */,
				47C7D44E2C1F20A20088FB47 /* CameraViewModel.swift */,
			);
			path = ViewModel;
			sourceTree = "<group>";
		};
		47C7D44B2C1F1FD90088FB47 /* View */ = {
			isa = PBXGroup;
			children = (
				47C7D4502C1F20CB0088FB47 /* CameraPreview.swift */,
				47C7D4522C1F21660088FB47 /* CameraView.swift */,
			);
			path = View;
			sourceTree = "<group>";
		};
		47C7D4562C1F36AA0088FB47 /* View */ = {
			isa = PBXGroup;
			children = (
				479D65F72C153E760073B9B1 /* PeopleView.swift */,
			);
			path = View;
			sourceTree = "<group>";
		};
		47C7D4572C1F36B00088FB47 /* PeopleViewModel */ = {
			isa = PBXGroup;
			children = (
				47C7D4582C1F36C80088FB47 /* PeopleViewModel.swift */,
			);
			path = PeopleViewModel;
			sourceTree = "<group>";
		};
		47C7D45A2C1F3B8D0088FB47 /* View */ = {
			isa = PBXGroup;
			children = (
				479D65F42C153DAC0073B9B1 /* MainTabView.swift */,
			);
			path = View;
			sourceTree = "<group>";
		};
		47DA30852C1E898F00E80E1F /* Utils */ = {
			isa = PBXGroup;
			children = (
				47DA30862C1E89A200E80E1F /* Constants.swift */,
				AD8048552C252227006F57F5 /* FirebaseConstants.swift */,
			);
			path = Utils;
			sourceTree = "<group>";
		};
		47DA30962C1E8EE500E80E1F /* Root */ = {
			isa = PBXGroup;
			children = (
				47DA30982C1E8EF800E80E1F /* ViewModel */,
				47DA30972C1E8EF200E80E1F /* View */,
			);
			path = Root;
			sourceTree = "<group>";
		};
		47DA30972C1E8EF200E80E1F /* View */ = {
			isa = PBXGroup;
			children = (
				47DA30992C1E8F0800E80E1F /* RootView.swift */,
			);
			path = View;
			sourceTree = "<group>";
		};
		47DA30982C1E8EF800E80E1F /* ViewModel */ = {
			isa = PBXGroup;
			children = (
				47DA309B2C1E8F2000E80E1F /* RootViewModel.swift */,
			);
			path = ViewModel;
			sourceTree = "<group>";
		};
		47DA309D2C1E914900E80E1F /* ViewModel */ = {
			isa = PBXGroup;
			children = (
				47DA30A02C1E931100E80E1F /* SignUpViewModel.swift */,
			);
			path = ViewModel;
			sourceTree = "<group>";
		};
		47DA30A42C1E9A7900E80E1F /* App */ = {
			isa = PBXGroup;
			children = (
				476D3EA12C11B2650025B9F5 /* ChattyApp.swift */,
				47DA30A22C1E9A6E00E80E1F /* AppDelegate.swift */,
			);
			path = App;
			sourceTree = "<group>";
		};
		47DA30A62C1E9C7800E80E1F /* View */ = {
			isa = PBXGroup;
			children = (
				472BB8E82C13012500DB00B7 /* SignUpView.swift */,
			);
			path = View;
			sourceTree = "<group>";
		};
		47DA30A72C1E9CB000E80E1F /* ViewModel */ = {
			isa = PBXGroup;
			children = (
				47DA30A82C1E9CBC00E80E1F /* SignInViewModel.swift */,
			);
			path = ViewModel;
			sourceTree = "<group>";
		};
		47DA30AA2C1E9F4E00E80E1F /* View */ = {
			isa = PBXGroup;
			children = (
				475447E02C13F93900BC7370 /* SignInView.swift */,
			);
			path = View;
			sourceTree = "<group>";
		};
		47DA30AB2C1EA09300E80E1F /* ViewModel */ = {
			isa = PBXGroup;
			children = (
				47DA30AC2C1EA0C500E80E1F /* ChatViewModel.swift */,
			);
			path = ViewModel;
			sourceTree = "<group>";
		};
		47DA30AE2C1EBFD500E80E1F /* View */ = {
			isa = PBXGroup;
			children = (
				47DA30AF2C1EBFE100E80E1F /* ChatView.swift */,
			);
			path = View;
			sourceTree = "<group>";
		};
		47DA30B12C1EC46A00E80E1F /* NewMessage */ = {
			isa = PBXGroup;
			children = (
				47DA30B32C1EC47700E80E1F /* ViewModel */,
				47DA30B22C1EC47400E80E1F /* View */,
			);
			path = NewMessage;
			sourceTree = "<group>";
		};
		47DA30B22C1EC47400E80E1F /* View */ = {
			isa = PBXGroup;
			children = (
				47DA30B62C1EC4DB00E80E1F /* NewMessage.swift */,
			);
			path = View;
			sourceTree = "<group>";
		};
		47DA30B32C1EC47700E80E1F /* ViewModel */ = {
			isa = PBXGroup;
			children = (
				47DA30B42C1EC48A00E80E1F /* NewMessageViewModel.swift */,
			);
			path = ViewModel;
			sourceTree = "<group>";
		};
		47DA30B82C1EC76D00E80E1F /* Inbox */ = {
			isa = PBXGroup;
			children = (
				47DA30BA2C1EC77900E80E1F /* ViewModel */,
				47DA30B92C1EC77500E80E1F /* View */,
			);
			path = Inbox;
			sourceTree = "<group>";
		};
		47DA30B92C1EC77500E80E1F /* View */ = {
			isa = PBXGroup;
			children = (
				47DA30BB2C1EC78600E80E1F /* InboxView.swift */,
			);
			path = View;
			sourceTree = "<group>";
		};
		47DA30BA2C1EC77900E80E1F /* ViewModel */ = {
			isa = PBXGroup;
			children = (
				47DA30BD2C1EC79300E80E1F /* InboxViewModel.swift */,
				47C7D4542C1F2CC00088FB47 /* SoundManager.swift */,
			);
			path = ViewModel;
			sourceTree = "<group>";
		};
		47DA30C22C1ED9AC00E80E1F /* View */ = {
			isa = PBXGroup;
			children = (
				47DA30C12C1ED9AC00E80E1F /* ProfileView.swift */,
			);
			path = View;
			sourceTree = "<group>";
		};
		47DA30C42C1ED9AC00E80E1F /* ViewModel */ = {
			isa = PBXGroup;
			children = (
				47DA30C32C1ED9AC00E80E1F /* ProfileViewModel.swift */,
			);
			path = ViewModel;
			sourceTree = "<group>";
		};
		47DA30C52C1ED9AC00E80E1F /* Profile */ = {
			isa = PBXGroup;
			children = (
				47DA30C22C1ED9AC00E80E1F /* View */,
				47DA30C42C1ED9AC00E80E1F /* ViewModel */,
			);
			path = Profile;
			sourceTree = "<group>";
		};
		AD8048572C252249006F57F5 /* Helpers */ = {
			isa = PBXGroup;
			children = (
				AD8048582C252327006F57F5 /* FirebaseHelper.swift */,
			);
			path = Helpers;
			sourceTree = "<group>";
		};
		AD80486F2C2529D6006F57F5 /* Services */ = {
			isa = PBXGroup;
			children = (
				AD80486D2C252953006F57F5 /* MessageService.swift */,
				AD8048772C252BD6006F57F5 /* VoiceRecorderService.swift */,
				AD8048792C252C10006F57F5 /* AuthProvider.swift */,
				ADDA60BB2C2AAA95006F2DCA /* ChannelService.swift */,
			);
			path = Services;
			sourceTree = "<group>";
		};
		AD8048702C2529EC006F57F5 /* Models */ = {
			isa = PBXGroup;
			children = (
				AD8048692C252788006F57F5 /* ChannelItem.swift */,
				AD80486B2C2527A5006F57F5 /* UserItem.swift */,
				AD8048732C252A75006F57F5 /* MessageItem.swift */,
				AD8048722C252A75006F57F5 /* MediaPickerItem+Types.swift */,
				AD8048712C252A74006F57F5 /* MessageItems+Types.swift */,
			);
			path = Models;
			sourceTree = "<group>";
		};
		C716EC8327405AE500C49CE8 /* MainMessages */ = {
			isa = PBXGroup;
			children = (
				47DA30AE2C1EBFD500E80E1F /* View */,
				47DA30AB2C1EA09300E80E1F /* ViewModel */,
				C716EC922746F40200C49CE8 /* Chat */,
				C716EC8F2744A35F00C49CE8 /* NewMessage */,
				C716EC8427405AF000C49CE8 /* MainMessagesView.swift */,
			);
			path = MainMessages;
			sourceTree = "<group>";
		};
		C716EC862743109300C49CE8 /* Extensions */ = {
			isa = PBXGroup;
			children = (
				473AE7972C12B84B005B5D86 /* Color+.swift */,
				475447DE2C13F26600BC7370 /* String+.swift */,
				475447E92C14034100BC7370 /* UINavigationController+.swift */,
				475447ED2C14365F00BC7370 /* View+.swift */,
				470A2E202C14BA05001E6B2E /* UIApplication+.swift */,
				47DA30832C1E896000E80E1F /* Date+.swift */,
				AD80485A2C25236F006F57F5 /* UIWindowScene+.swift */,
				AD80485C2C2523B5006F57F5 /* TimeInterval+.swift */,
				AD80485E2C2523DC006F57F5 /* URL+.swift */,
				AD8048602C2523F0006F57F5 /* PhotosPickerItem+.swift */,
			);
			path = Extensions;
			sourceTree = "<group>";
		};
		C716EC8F2744A35F00C49CE8 /* NewMessage */ = {
			isa = PBXGroup;
			children = (
				C716EC902744A37300C49CE8 /* CreateNewMessageView.swift */,
			);
			path = NewMessage;
			sourceTree = "<group>";
		};
		C716EC922746F40200C49CE8 /* Chat */ = {
			isa = PBXGroup;
			children = (
				C716EC932746F40C00C49CE8 /* ChatLogView.swift */,
			);
			path = Chat;
			sourceTree = "<group>";
		};
		C7EDFBE92724DE1B0041EC95 = {
			isa = PBXGroup;
			children = (
				C7EDFBF42724DE1B0041EC95 /* Chatty */,
				C7EDFBF32724DE1B0041EC95 /* Products */,
				476D3EAD2C11B4460025B9F5 /* Frameworks */,
			);
			sourceTree = "<group>";
		};
		C7EDFBF32724DE1B0041EC95 /* Products */ = {
			isa = PBXGroup;
			children = (
				C7EDFBF22724DE1B0041EC95 /* Chatty.app */,
			);
			name = Products;
			sourceTree = "<group>";
		};
		C7EDFBF42724DE1B0041EC95 /* Chatty */ = {
			isa = PBXGroup;
			children = (
				47DA30A52C1E9AA000E80E1F /* Info.plist */,
				47DA30A42C1E9A7900E80E1F /* App */,
				C7EDFBF92724DE1E0041EC95 /* Assets.xcassets */,
				AD557CFE2C193BC40083C7B0 /* GoogleService-Info.plist */,
				AD80486F2C2529D6006F57F5 /* Services */,
				473AE7912C12AEA6005B5D86 /* Data */,
				AD8048702C2529EC006F57F5 /* Models */,
				473AE78F2C12AE18005B5D86 /* Domain */,
				473AE78C2C12AD31005B5D86 /* Presentation */,
				C716EC862743109300C49CE8 /* Extensions */,
				47DA30852C1E898F00E80E1F /* Utils */,
				AD8048572C252249006F57F5 /* Helpers */,
				C7EDFBFB2724DE1E0041EC95 /* Preview Content */,
			);
			path = Chatty;
			sourceTree = "<group>";
		};
		C7EDFBFB2724DE1E0041EC95 /* Preview Content */ = {
			isa = PBXGroup;
			children = (
				C7EDFBFC2724DE1E0041EC95 /* Preview Assets.xcassets */,
			);
			path = "Preview Content";
			sourceTree = "<group>";
		};
/* End PBXGroup section */

/* Begin PBXNativeTarget section */
		C7EDFBF12724DE1B0041EC95 /* Chatty */ = {
			isa = PBXNativeTarget;
			buildConfigurationList = C7EDFC002724DE1E0041EC95 /* Build configuration list for PBXNativeTarget "Chatty" */;
			buildPhases = (
				C7EDFBEE2724DE1B0041EC95 /* Sources */,
				C7EDFBEF2724DE1B0041EC95 /* Frameworks */,
				C7EDFBF02724DE1B0041EC95 /* Resources */,
			);
			buildRules = (
			);
			dependencies = (
			);
			name = Chatty;
			packageProductDependencies = (
				476D3EA62C11B3A00025B9F5 /* FirebaseAuth */,
				476D3EA82C11B3A00025B9F5 /* FirebaseFirestore */,
				476D3EAE2C11B45D0025B9F5 /* FirebaseFirestoreSwift */,
				476D3EB02C11B46D0025B9F5 /* FirebaseStorage */,
				470A2E1A2C1492F6001E6B2E /* NukeUI */,
				ADE215552C22C6BE0029416F /* Agrume */,
				AD80484F2C252169006F57F5 /* FirebaseDatabase */,
				AD8048512C25216D006F57F5 /* FirebaseDatabaseSwift */,
				AD8048532C252175006F57F5 /* FirebaseMessaging */,
				AD8048652C2525C1006F57F5 /* Kingfisher */,
			);
			productName = Chatty;
			productReference = C7EDFBF22724DE1B0041EC95 /* Chatty.app */;
			productType = "com.apple.product-type.application";
		};
/* End PBXNativeTarget section */

/* Begin PBXProject section */
		C7EDFBEA2724DE1B0041EC95 /* Project object */ = {
			isa = PBXProject;
			attributes = {
				BuildIndependentTargetsInParallel = 1;
				LastSwiftUpdateCheck = 1300;
				LastUpgradeCheck = 1300;
				TargetAttributes = {
					C7EDFBF12724DE1B0041EC95 = {
						CreatedOnToolsVersion = 13.0;
					};
				};
			};
			buildConfigurationList = C7EDFBED2724DE1B0041EC95 /* Build configuration list for PBXProject "Chatty" */;
			compatibilityVersion = "Xcode 13.0";
			developmentRegion = en;
			hasScannedForEncodings = 0;
			knownRegions = (
				en,
				Base,
			);
			mainGroup = C7EDFBE92724DE1B0041EC95;
			packageReferences = (
				476D3EA52C11B3A00025B9F5 /* XCRemoteSwiftPackageReference "firebase-ios-sdk" */,
				470A2E192C1492F6001E6B2E /* XCRemoteSwiftPackageReference "Nuke" */,
				ADE215542C22C6BE0029416F /* XCRemoteSwiftPackageReference "Agrume" */,
				AD8048642C2525C1006F57F5 /* XCRemoteSwiftPackageReference "Kingfisher" */,
			);
			productRefGroup = C7EDFBF32724DE1B0041EC95 /* Products */;
			projectDirPath = "";
			projectRoot = "";
			targets = (
				C7EDFBF12724DE1B0041EC95 /* Chatty */,
			);
		};
/* End PBXProject section */

/* Begin PBXResourcesBuildPhase section */
		C7EDFBF02724DE1B0041EC95 /* Resources */ = {
			isa = PBXResourcesBuildPhase;
			buildActionMask = 2147483647;
			files = (
				C7EDFBFD2724DE1E0041EC95 /* Preview Assets.xcassets in Resources */,
				AD557CFF2C193BC40083C7B0 /* GoogleService-Info.plist in Resources */,
				473AE79E2C12BF52005B5D86 /* LaunchScreen.storyboard in Resources */,
				C7EDFBFA2724DE1E0041EC95 /* Assets.xcassets in Resources */,
			);
			runOnlyForDeploymentPostprocessing = 0;
		};
/* End PBXResourcesBuildPhase section */

/* Begin PBXSourcesBuildPhase section */
		C7EDFBEE2724DE1B0041EC95 /* Sources */ = {
			isa = PBXSourcesBuildPhase;
			buildActionMask = 2147483647;
			files = (
				AD8048802C253349006F57F5 /* ChatPartnerPickerViewModel.swift in Sources */,
				ADC976EB2C2946C100E6C225 /* BubbleMessageView.swift in Sources */,
				47924F1B2C27255E00072E2F /* TextInputAreaView.swift in Sources */,
				47DA30932C1E8DD900E80E1F /* AudioService.swift in Sources */,
				AD80485D2C2523B5006F57F5 /* TimeInterval+.swift in Sources */,
				47DA30BC2C1EC78600E80E1F /* InboxView.swift in Sources */,
				47DA30842C1E896000E80E1F /* Date+.swift in Sources */,
				ADC976EF2C295BF000E6C225 /* ClosePreviewButton.swift in Sources */,
				AD8048682C252614006F57F5 /* CircularProfileImageView.swift in Sources */,
				47C7D4532C1F21660088FB47 /* CameraView.swift in Sources */,
				47DA30872C1E89A200E80E1F /* Constants.swift in Sources */,
				47DA30A32C1E9A6E00E80E1F /* AppDelegate.swift in Sources */,
				47DA30B02C1EBFE100E80E1F /* ChatView.swift in Sources */,
				AD8048632C252447006F57F5 /* MediaPlayerView.swift in Sources */,
				AD80487E2C253184006F57F5 /* ChannelTabViewModel.swift in Sources */,
				47DA30A92C1E9CBC00E80E1F /* SignInViewModel.swift in Sources */,
				AD8048562C252227006F57F5 /* FirebaseConstants.swift in Sources */,
				C716EC8E27442D2800C49CE8 /* ChatUser.swift in Sources */,
				AD80486E2C252953006F57F5 /* MessageService.swift in Sources */,
				C716EC942746F40C00C49CE8 /* ChatLogView.swift in Sources */,
				AD80486A2C252788006F57F5 /* ChannelItem.swift in Sources */,
				472BB8EB2C13095C00DB00B7 /* PrimaryButtonContentView.swift in Sources */,
				47DA308F2C1E8CB700E80E1F /* ImageService.swift in Sources */,
				47924F2A2C27263D00072E2F /* BubbleTextView.swift in Sources */,
				47DA308B2C1E8A9E00E80E1F /* InboxService.swift in Sources */,
				ADE2AE6D2C2578E50020D629 /* NewGroupSetUpView.swift in Sources */,
				476D3EA22C11B2650025B9F5 /* ChattyApp.swift in Sources */,
				479D65F52C153DAC0073B9B1 /* MainTabView.swift in Sources */,
				47924F292C27263D00072E2F /* MessageListController.swift in Sources */,
				475447EE2C14365F00BC7370 /* View+.swift in Sources */,
				47C7D4552C1F2CC00088FB47 /* SoundManager.swift in Sources */,
				AD80485F2C2523DC006F57F5 /* URL+.swift in Sources */,
				47924F2B2C27263D00072E2F /* ChannelCreationTextView.swift in Sources */,
				C7EDFC0D27277AAD0041EC95 /* ImagePicker.swift in Sources */,
				C716EC982748762000C49CE8 /* ChatMessage.swift in Sources */,
				AD8048782C252BD6006F57F5 /* VoiceRecorderService.swift in Sources */,
				AD8048762C252A75006F57F5 /* MessageItem.swift in Sources */,
				47924F2C2C27263D00072E2F /* ChatRoomView.swift in Sources */,
				ADC976ED2C295A8000E6C225 /* WrapperAgrumeView.swift in Sources */,
				47DA307E2C1E88E900E80E1F /* User.swift in Sources */,
				47DA30912C1E8D6B00E80E1F /* VideoService.swift in Sources */,
				ADDA60BC2C2AAA95006F2DCA /* ChannelService.swift in Sources */,
				47924F192C27252000072E2F /* ChatRoomViewModel.swift in Sources */,
				47C7D4592C1F36C80088FB47 /* PeopleViewModel.swift in Sources */,
				47924F282C27263D00072E2F /* BubbleMediaView.swift in Sources */,
				47DA30BE2C1EC79300E80E1F /* InboxViewModel.swift in Sources */,
				ADE2AE6F2C25795F0020D629 /* SelectedChatPartnerView.swift in Sources */,
				AD80487A2C252C10006F57F5 /* AuthProvider.swift in Sources */,
				475447E12C13F93900BC7370 /* SignInView.swift in Sources */,
				47DA30C62C1ED9AC00E80E1F /* ProfileView.swift in Sources */,
				475447F02C1437FB00BC7370 /* BackButton.swift in Sources */,
				479D65F82C153E760073B9B1 /* PeopleView.swift in Sources */,
				AD80487C2C252E26006F57F5 /* ChannelTabView.swift in Sources */,
				C716EC8527405AF000C49CE8 /* MainMessagesView.swift in Sources */,
				475447F22C144C1100BC7370 /* LaunchView.swift in Sources */,
				47A6308D2C12C50900F3982A /* OnBoardingView.swift in Sources */,
				C716EC88274310A400C49CE8 /* FirebaseManager.swift in Sources */,
				47DA30C72C1ED9AC00E80E1F /* ProfileViewModel.swift in Sources */,
				47DA30AD2C1EA0C500E80E1F /* ChatViewModel.swift in Sources */,
				475447EA2C14034100BC7370 /* UINavigationController+.swift in Sources */,
				47924F2E2C27263D00072E2F /* AdminMessageTextView.swift in Sources */,
				C716EC9627485A4C00C49CE8 /* FirebaseConstantss.swift in Sources */,
				AD8048742C252A75006F57F5 /* MessageItems+Types.swift in Sources */,
				ADE2AE752C257A9E0020D629 /* ChatPartnerPickerView.swift in Sources */,
				47C7D4512C1F20CB0088FB47 /* CameraPreview.swift in Sources */,
				47DA30892C1E8A2B00E80E1F /* UserService.swift in Sources */,
				47DA309C2C1E8F2000E80E1F /* RootViewModel.swift in Sources */,
				470A2E212C14BA05001E6B2E /* UIApplication+.swift in Sources */,
				47DA30802C1E890200E80E1F /* Message.swift in Sources */,
				47DA30B52C1EC48A00E80E1F /* NewMessageViewModel.swift in Sources */,
				47924F312C27265B00072E2F /* VoiceMessagePlayer.swift in Sources */,
				C716EC912744A37300C49CE8 /* CreateNewMessageView.swift in Sources */,
				470A2E1F2C14A318001E6B2E /* CircleButtonContentView.swift in Sources */,
				472BB8E92C13012500DB00B7 /* SignUpView.swift in Sources */,
				AD80486C2C2527A5006F57F5 /* UserItem.swift in Sources */,
				470A2E1D2C149316001E6B2E /* LazyImageView.swift in Sources */,
				47924F2D2C27263D00072E2F /* BubbleAudioView.swift in Sources */,
				47DA309A2C1E8F0800E80E1F /* RootView.swift in Sources */,
				47DA30C92C1EEED800E80E1F /* UIEmojiTextView.swift in Sources */,
				AD8048592C252327006F57F5 /* FirebaseHelper.swift in Sources */,
				47924F2F2C27263D00072E2F /* MessageListView.swift in Sources */,
				AD80485B2C25236F006F57F5 /* UIWindowScene+.swift in Sources */,
				47924F1D2C27260800072E2F /* MediaAttachmentPreview.swift in Sources */,
				475447E32C13F9FD00BC7370 /* SocialAccountView.swift in Sources */,
				47C7D44D2C1F1FE20088FB47 /* CameraManager.swift in Sources */,
				473AE7982C12B84B005B5D86 /* Color+.swift in Sources */,
				47DA308D2C1E8C9300E80E1F /* ChatService.swift in Sources */,
				AD8048752C252A75006F57F5 /* MediaPickerItem+Types.swift in Sources */,
				ADE2AE732C257A4B0020D629 /* GroupPartnerPickerView.swift in Sources */,
				472BB8ED2C130DEF00DB00B7 /* AuthenTextFieldView.swift in Sources */,
				ADE2AE712C2579FF0020D629 /* ChatPartnerRowView.swift in Sources */,
				47DA30952C1E8E4200E80E1F /* AuthService.swift in Sources */,
				47DA30B72C1EC4DB00E80E1F /* NewMessage.swift in Sources */,
				475447DF2C13F26600BC7370 /* String+.swift in Sources */,
				AD8048822C25351A006F57F5 /* ChannelItemView.swift in Sources */,
				AD8048612C2523F0006F57F5 /* PhotosPickerItem+.swift in Sources */,
				47C7D44F2C1F20A20088FB47 /* CameraViewModel.swift in Sources */,
				C716EC9C274B02AA00C49CE8 /* RecentMessage.swift in Sources */,
				47DA30A12C1E931100E80E1F /* SignUpViewModel.swift in Sources */,
				47DA30822C1E891F00E80E1F /* MessageGroup.swift in Sources */,
			);
			runOnlyForDeploymentPostprocessing = 0;
		};
/* End PBXSourcesBuildPhase section */

/* Begin XCBuildConfiguration section */
		C7EDFBFE2724DE1E0041EC95 /* Debug */ = {
			isa = XCBuildConfiguration;
			buildSettings = {
				ALWAYS_SEARCH_USER_PATHS = NO;
				CLANG_ANALYZER_NONNULL = YES;
				CLANG_ANALYZER_NUMBER_OBJECT_CONVERSION = YES_AGGRESSIVE;
				CLANG_CXX_LANGUAGE_STANDARD = "gnu++17";
				CLANG_CXX_LIBRARY = "libc++";
				CLANG_ENABLE_MODULES = YES;
				CLANG_ENABLE_OBJC_ARC = YES;
				CLANG_ENABLE_OBJC_WEAK = YES;
				CLANG_WARN_BLOCK_CAPTURE_AUTORELEASING = YES;
				CLANG_WARN_BOOL_CONVERSION = YES;
				CLANG_WARN_COMMA = YES;
				CLANG_WARN_CONSTANT_CONVERSION = YES;
				CLANG_WARN_DEPRECATED_OBJC_IMPLEMENTATIONS = YES;
				CLANG_WARN_DIRECT_OBJC_ISA_USAGE = YES_ERROR;
				CLANG_WARN_DOCUMENTATION_COMMENTS = YES;
				CLANG_WARN_EMPTY_BODY = YES;
				CLANG_WARN_ENUM_CONVERSION = YES;
				CLANG_WARN_INFINITE_RECURSION = YES;
				CLANG_WARN_INT_CONVERSION = YES;
				CLANG_WARN_NON_LITERAL_NULL_CONVERSION = YES;
				CLANG_WARN_OBJC_IMPLICIT_RETAIN_SELF = YES;
				CLANG_WARN_OBJC_LITERAL_CONVERSION = YES;
				CLANG_WARN_OBJC_ROOT_CLASS = YES_ERROR;
				CLANG_WARN_QUOTED_INCLUDE_IN_FRAMEWORK_HEADER = YES;
				CLANG_WARN_RANGE_LOOP_ANALYSIS = YES;
				CLANG_WARN_STRICT_PROTOTYPES = YES;
				CLANG_WARN_SUSPICIOUS_MOVE = YES;
				CLANG_WARN_UNGUARDED_AVAILABILITY = YES_AGGRESSIVE;
				CLANG_WARN_UNREACHABLE_CODE = YES;
				CLANG_WARN__DUPLICATE_METHOD_MATCH = YES;
				COPY_PHASE_STRIP = NO;
				DEBUG_INFORMATION_FORMAT = dwarf;
				ENABLE_STRICT_OBJC_MSGSEND = YES;
				ENABLE_TESTABILITY = YES;
				GCC_C_LANGUAGE_STANDARD = gnu11;
				GCC_DYNAMIC_NO_PIC = NO;
				GCC_NO_COMMON_BLOCKS = YES;
				GCC_OPTIMIZATION_LEVEL = 0;
				GCC_PREPROCESSOR_DEFINITIONS = (
					"DEBUG=1",
					"$(inherited)",
				);
				GCC_WARN_64_TO_32_BIT_CONVERSION = YES;
				GCC_WARN_ABOUT_RETURN_TYPE = YES_ERROR;
				GCC_WARN_UNDECLARED_SELECTOR = YES;
				GCC_WARN_UNINITIALIZED_AUTOS = YES_AGGRESSIVE;
				GCC_WARN_UNUSED_FUNCTION = YES;
				GCC_WARN_UNUSED_VARIABLE = YES;
				IPHONEOS_DEPLOYMENT_TARGET = 15.0;
				MTL_ENABLE_DEBUG_INFO = INCLUDE_SOURCE;
				MTL_FAST_MATH = YES;
				ONLY_ACTIVE_ARCH = YES;
				SDKROOT = iphoneos;
				SWIFT_ACTIVE_COMPILATION_CONDITIONS = DEBUG;
				SWIFT_OPTIMIZATION_LEVEL = "-Onone";
			};
			name = Debug;
		};
		C7EDFBFF2724DE1E0041EC95 /* Release */ = {
			isa = XCBuildConfiguration;
			buildSettings = {
				ALWAYS_SEARCH_USER_PATHS = NO;
				CLANG_ANALYZER_NONNULL = YES;
				CLANG_ANALYZER_NUMBER_OBJECT_CONVERSION = YES_AGGRESSIVE;
				CLANG_CXX_LANGUAGE_STANDARD = "gnu++17";
				CLANG_CXX_LIBRARY = "libc++";
				CLANG_ENABLE_MODULES = YES;
				CLANG_ENABLE_OBJC_ARC = YES;
				CLANG_ENABLE_OBJC_WEAK = YES;
				CLANG_WARN_BLOCK_CAPTURE_AUTORELEASING = YES;
				CLANG_WARN_BOOL_CONVERSION = YES;
				CLANG_WARN_COMMA = YES;
				CLANG_WARN_CONSTANT_CONVERSION = YES;
				CLANG_WARN_DEPRECATED_OBJC_IMPLEMENTATIONS = YES;
				CLANG_WARN_DIRECT_OBJC_ISA_USAGE = YES_ERROR;
				CLANG_WARN_DOCUMENTATION_COMMENTS = YES;
				CLANG_WARN_EMPTY_BODY = YES;
				CLANG_WARN_ENUM_CONVERSION = YES;
				CLANG_WARN_INFINITE_RECURSION = YES;
				CLANG_WARN_INT_CONVERSION = YES;
				CLANG_WARN_NON_LITERAL_NULL_CONVERSION = YES;
				CLANG_WARN_OBJC_IMPLICIT_RETAIN_SELF = YES;
				CLANG_WARN_OBJC_LITERAL_CONVERSION = YES;
				CLANG_WARN_OBJC_ROOT_CLASS = YES_ERROR;
				CLANG_WARN_QUOTED_INCLUDE_IN_FRAMEWORK_HEADER = YES;
				CLANG_WARN_RANGE_LOOP_ANALYSIS = YES;
				CLANG_WARN_STRICT_PROTOTYPES = YES;
				CLANG_WARN_SUSPICIOUS_MOVE = YES;
				CLANG_WARN_UNGUARDED_AVAILABILITY = YES_AGGRESSIVE;
				CLANG_WARN_UNREACHABLE_CODE = YES;
				CLANG_WARN__DUPLICATE_METHOD_MATCH = YES;
				COPY_PHASE_STRIP = NO;
				DEBUG_INFORMATION_FORMAT = "dwarf-with-dsym";
				ENABLE_NS_ASSERTIONS = NO;
				ENABLE_STRICT_OBJC_MSGSEND = YES;
				GCC_C_LANGUAGE_STANDARD = gnu11;
				GCC_NO_COMMON_BLOCKS = YES;
				GCC_WARN_64_TO_32_BIT_CONVERSION = YES;
				GCC_WARN_ABOUT_RETURN_TYPE = YES_ERROR;
				GCC_WARN_UNDECLARED_SELECTOR = YES;
				GCC_WARN_UNINITIALIZED_AUTOS = YES_AGGRESSIVE;
				GCC_WARN_UNUSED_FUNCTION = YES;
				GCC_WARN_UNUSED_VARIABLE = YES;
				IPHONEOS_DEPLOYMENT_TARGET = 15.0;
				MTL_ENABLE_DEBUG_INFO = NO;
				MTL_FAST_MATH = YES;
				SDKROOT = iphoneos;
				SWIFT_COMPILATION_MODE = wholemodule;
				SWIFT_OPTIMIZATION_LEVEL = "-O";
				VALIDATE_PRODUCT = YES;
			};
			name = Release;
		};
		C7EDFC012724DE1E0041EC95 /* Debug */ = {
			isa = XCBuildConfiguration;
			buildSettings = {
				ASSETCATALOG_COMPILER_APPICON_NAME = AppIcon;
				ASSETCATALOG_COMPILER_GLOBAL_ACCENT_COLOR_NAME = AccentColor;
				CODE_SIGN_STYLE = Automatic;
				CURRENT_PROJECT_VERSION = 1;
				DEVELOPMENT_ASSET_PATHS = "\"Chatty/Preview Content\"";
				DEVELOPMENT_TEAM = B94MFY39N8;
				ENABLE_PREVIEWS = YES;
				GENERATE_INFOPLIST_FILE = YES;
				INFOPLIST_FILE = Chatty/Info.plist;
				INFOPLIST_KEY_NSCameraUsageDescription = "Camera is used for capturing photos.";
				INFOPLIST_KEY_UIApplicationSceneManifest_Generation = YES;
				INFOPLIST_KEY_UIApplicationSupportsIndirectInputEvents = YES;
				INFOPLIST_KEY_UILaunchScreen_Generation = YES;
				INFOPLIST_KEY_UILaunchStoryboardName = LaunchScreen.storyboard;
				INFOPLIST_KEY_UISupportedInterfaceOrientations_iPad = "UIInterfaceOrientationPortrait UIInterfaceOrientationPortraitUpsideDown UIInterfaceOrientationLandscapeLeft UIInterfaceOrientationLandscapeRight";
				INFOPLIST_KEY_UISupportedInterfaceOrientations_iPhone = "UIInterfaceOrientationPortrait UIInterfaceOrientationLandscapeLeft UIInterfaceOrientationLandscapeRight";
				IPHONEOS_DEPLOYMENT_TARGET = 16.0;
				LD_RUNPATH_SEARCH_PATHS = (
					"$(inherited)",
					"@executable_path/Frameworks",
				);
				MARKETING_VERSION = 1.0;
				PRODUCT_BUNDLE_IDENTIFIER = com.foo.FirebaseChat;
				PRODUCT_NAME = "$(TARGET_NAME)";
				SUPPORTED_PLATFORMS = "iphoneos iphonesimulator";
				SUPPORTS_MACCATALYST = NO;
				SUPPORTS_MAC_DESIGNED_FOR_IPHONE_IPAD = NO;
				SUPPORTS_XR_DESIGNED_FOR_IPHONE_IPAD = NO;
				SWIFT_EMIT_LOC_STRINGS = YES;
				SWIFT_VERSION = 5.0;
				TARGETED_DEVICE_FAMILY = "1,2";
			};
			name = Debug;
		};
		C7EDFC022724DE1E0041EC95 /* Release */ = {
			isa = XCBuildConfiguration;
			buildSettings = {
				ASSETCATALOG_COMPILER_APPICON_NAME = AppIcon;
				ASSETCATALOG_COMPILER_GLOBAL_ACCENT_COLOR_NAME = AccentColor;
				CODE_SIGN_STYLE = Automatic;
				CURRENT_PROJECT_VERSION = 1;
				DEVELOPMENT_ASSET_PATHS = "\"Chatty/Preview Content\"";
				DEVELOPMENT_TEAM = B94MFY39N8;
				ENABLE_PREVIEWS = YES;
				GENERATE_INFOPLIST_FILE = YES;
				INFOPLIST_FILE = Chatty/Info.plist;
				INFOPLIST_KEY_NSCameraUsageDescription = "Camera is used for capturing photos.";
				INFOPLIST_KEY_UIApplicationSceneManifest_Generation = YES;
				INFOPLIST_KEY_UIApplicationSupportsIndirectInputEvents = YES;
				INFOPLIST_KEY_UILaunchScreen_Generation = YES;
				INFOPLIST_KEY_UILaunchStoryboardName = LaunchScreen.storyboard;
				INFOPLIST_KEY_UISupportedInterfaceOrientations_iPad = "UIInterfaceOrientationPortrait UIInterfaceOrientationPortraitUpsideDown UIInterfaceOrientationLandscapeLeft UIInterfaceOrientationLandscapeRight";
				INFOPLIST_KEY_UISupportedInterfaceOrientations_iPhone = "UIInterfaceOrientationPortrait UIInterfaceOrientationLandscapeLeft UIInterfaceOrientationLandscapeRight";
				IPHONEOS_DEPLOYMENT_TARGET = 16.0;
				LD_RUNPATH_SEARCH_PATHS = (
					"$(inherited)",
					"@executable_path/Frameworks",
				);
				MARKETING_VERSION = 1.0;
				PRODUCT_BUNDLE_IDENTIFIER = com.foo.FirebaseChat;
				PRODUCT_NAME = "$(TARGET_NAME)";
				SUPPORTED_PLATFORMS = "iphoneos iphonesimulator";
				SUPPORTS_MACCATALYST = NO;
				SUPPORTS_MAC_DESIGNED_FOR_IPHONE_IPAD = NO;
				SUPPORTS_XR_DESIGNED_FOR_IPHONE_IPAD = NO;
				SWIFT_EMIT_LOC_STRINGS = YES;
				SWIFT_VERSION = 5.0;
				TARGETED_DEVICE_FAMILY = "1,2";
			};
			name = Release;
		};
/* End XCBuildConfiguration section */

/* Begin XCConfigurationList section */
		C7EDFBED2724DE1B0041EC95 /* Build configuration list for PBXProject "Chatty" */ = {
			isa = XCConfigurationList;
			buildConfigurations = (
				C7EDFBFE2724DE1E0041EC95 /* Debug */,
				C7EDFBFF2724DE1E0041EC95 /* Release */,
			);
			defaultConfigurationIsVisible = 0;
			defaultConfigurationName = Release;
		};
		C7EDFC002724DE1E0041EC95 /* Build configuration list for PBXNativeTarget "Chatty" */ = {
			isa = XCConfigurationList;
			buildConfigurations = (
				C7EDFC012724DE1E0041EC95 /* Debug */,
				C7EDFC022724DE1E0041EC95 /* Release */,
			);
			defaultConfigurationIsVisible = 0;
			defaultConfigurationName = Release;
		};
/* End XCConfigurationList section */

/* Begin XCRemoteSwiftPackageReference section */
		470A2E192C1492F6001E6B2E /* XCRemoteSwiftPackageReference "Nuke" */ = {
			isa = XCRemoteSwiftPackageReference;
			repositoryURL = "https://github.com/kean/Nuke";
			requirement = {
				kind = upToNextMajorVersion;
				minimumVersion = 12.7.1;
			};
		};
		476D3EA52C11B3A00025B9F5 /* XCRemoteSwiftPackageReference "firebase-ios-sdk" */ = {
			isa = XCRemoteSwiftPackageReference;
			repositoryURL = "https://github.com/firebase/firebase-ios-sdk.git";
			requirement = {
				kind = upToNextMajorVersion;
				minimumVersion = 10.28.0;
			};
		};
		AD8048642C2525C1006F57F5 /* XCRemoteSwiftPackageReference "Kingfisher" */ = {
			isa = XCRemoteSwiftPackageReference;
			repositoryURL = "https://github.com/onevcat/Kingfisher";
			requirement = {
				kind = upToNextMajorVersion;
				minimumVersion = 7.12.0;
			};
		};
		ADE215542C22C6BE0029416F /* XCRemoteSwiftPackageReference "Agrume" */ = {
			isa = XCRemoteSwiftPackageReference;
			repositoryURL = "https://github.com/JanGorman/Agrume";
			requirement = {
				kind = upToNextMajorVersion;
				minimumVersion = 5.8.10;
			};
		};
/* End XCRemoteSwiftPackageReference section */

/* Begin XCSwiftPackageProductDependency section */
		470A2E1A2C1492F6001E6B2E /* NukeUI */ = {
			isa = XCSwiftPackageProductDependency;
			package = 470A2E192C1492F6001E6B2E /* XCRemoteSwiftPackageReference "Nuke" */;
			productName = NukeUI;
		};
		476D3EA62C11B3A00025B9F5 /* FirebaseAuth */ = {
			isa = XCSwiftPackageProductDependency;
			package = 476D3EA52C11B3A00025B9F5 /* XCRemoteSwiftPackageReference "firebase-ios-sdk" */;
			productName = FirebaseAuth;
		};
		476D3EA82C11B3A00025B9F5 /* FirebaseFirestore */ = {
			isa = XCSwiftPackageProductDependency;
			package = 476D3EA52C11B3A00025B9F5 /* XCRemoteSwiftPackageReference "firebase-ios-sdk" */;
			productName = FirebaseFirestore;
		};
		476D3EAE2C11B45D0025B9F5 /* FirebaseFirestoreSwift */ = {
			isa = XCSwiftPackageProductDependency;
			package = 476D3EA52C11B3A00025B9F5 /* XCRemoteSwiftPackageReference "firebase-ios-sdk" */;
			productName = FirebaseFirestoreSwift;
		};
		476D3EB02C11B46D0025B9F5 /* FirebaseStorage */ = {
			isa = XCSwiftPackageProductDependency;
			package = 476D3EA52C11B3A00025B9F5 /* XCRemoteSwiftPackageReference "firebase-ios-sdk" */;
			productName = FirebaseStorage;
		};
		AD80484F2C252169006F57F5 /* FirebaseDatabase */ = {
			isa = XCSwiftPackageProductDependency;
			package = 476D3EA52C11B3A00025B9F5 /* XCRemoteSwiftPackageReference "firebase-ios-sdk" */;
			productName = FirebaseDatabase;
		};
		AD8048512C25216D006F57F5 /* FirebaseDatabaseSwift */ = {
			isa = XCSwiftPackageProductDependency;
			package = 476D3EA52C11B3A00025B9F5 /* XCRemoteSwiftPackageReference "firebase-ios-sdk" */;
			productName = FirebaseDatabaseSwift;
		};
		AD8048532C252175006F57F5 /* FirebaseMessaging */ = {
			isa = XCSwiftPackageProductDependency;
			package = 476D3EA52C11B3A00025B9F5 /* XCRemoteSwiftPackageReference "firebase-ios-sdk" */;
			productName = FirebaseMessaging;
		};
		AD8048652C2525C1006F57F5 /* Kingfisher */ = {
			isa = XCSwiftPackageProductDependency;
			package = AD8048642C2525C1006F57F5 /* XCRemoteSwiftPackageReference "Kingfisher" */;
			productName = Kingfisher;
		};
		ADE215552C22C6BE0029416F /* Agrume */ = {
			isa = XCSwiftPackageProductDependency;
			package = ADE215542C22C6BE0029416F /* XCRemoteSwiftPackageReference "Agrume" */;
			productName = Agrume;
		};
/* End XCSwiftPackageProductDependency section */
	};
	rootObject = C7EDFBEA2724DE1B0041EC95 /* Project object */;
}
